# THIS IS AN AUTOGENERATED FILE. DO NOT EDIT THIS FILE DIRECTLY.
# yarn lockfile v1


commander@^6.1.0:
  version "6.2.1"
  resolved "https://registry.yarnpkg.com/commander/-/commander-6.2.1.tgz#0792eb682dfbc325999bb2b84fddddba110ac73c"
  integrity sha512-U7VdrJFnJgo4xjrHpTzu0yrHPGImdsmD95ZlgYSEajAn2JKzDhDTPG9kBTefmObL2w/ngeZnilk+OV9CG3d7UA==

node-webvtt@^1.9.3:
  version "1.9.3"
  resolved "https://registry.yarnpkg.com/node-webvtt/-/node-webvtt-1.9.3.tgz#756b144a4eb8f2f277510a5787cd8a21fc4d46b1"
  integrity sha512-hdzBajT+LHoaXZB/wBgMP9RCyWLT/baTw/hWa+RjoKcilpJ4rtI+0sn5MfsLJ/rYcEj6gy7VFC6KOgMxrqUT2g==
  dependencies:
    commander "^6.1.0"
